// !$*UTF8*$!
{
	archiveVersion = 1;
	classes = {
	};
	objectVersion = 55;
	objects = {

/* Begin PBXBuildFile section */
		151F96C528B6A11300039128 /* SearchTravel.swift in Sources */ = {isa = PBXBuildFile; fileRef = 151F96C428B6A11300039128 /* SearchTravel.swift */; };
		151F96C728B6AEA700039128 /* TravelSearachResultsView.swift in Sources */ = {isa = PBXBuildFile; fileRef = 151F96C628B6AEA700039128 /* TravelSearachResultsView.swift */; };
		15297B6428AAF8510091BFF5 /* Realm in Frameworks */ = {isa = PBXBuildFile; productRef = 15297B6328AAF8510091BFF5 /* Realm */; };
		15297B6628AAF8510091BFF5 /* RealmSwift in Frameworks */ = {isa = PBXBuildFile; productRef = 15297B6528AAF8510091BFF5 /* RealmSwift */; };
		1534B40E28AB1B89009B7BC1 /* Menu.swift in Sources */ = {isa = PBXBuildFile; fileRef = 1534B40D28AB1B89009B7BC1 /* Menu.swift */; };
		1534B41028AB1E27009B7BC1 /* TravelView.swift in Sources */ = {isa = PBXBuildFile; fileRef = 1534B40F28AB1E27009B7BC1 /* TravelView.swift */; };
		1541C50228B55E18008DD377 /* TravelItemsHistory.swift in Sources */ = {isa = PBXBuildFile; fileRef = 1541C50128B55E18008DD377 /* TravelItemsHistory.swift */; };
		1541C50428B566B0008DD377 /* TravelDetailHistory.swift in Sources */ = {isa = PBXBuildFile; fileRef = 1541C50328B566B0008DD377 /* TravelDetailHistory.swift */; };
		154EDF7828B053D300BFD81A /* TravelItemsView.swift in Sources */ = {isa = PBXBuildFile; fileRef = 154EDF7728B053D300BFD81A /* TravelItemsView.swift */; };
		157B86BB28B6673500B3FA74 /* TDRoot.swift in Sources */ = {isa = PBXBuildFile; fileRef = 157B86BA28B6673500B3FA74 /* TDRoot.swift */; };
		15CB3D7328ABFC0B00E121C3 /* TravelDetailItem.swift in Sources */ = {isa = PBXBuildFile; fileRef = 15CB3D7228ABFC0B00E121C3 /* TravelDetailItem.swift */; };
		15CB6D9A28A9961A0096C4BB /* TripITApp.swift in Sources */ = {isa = PBXBuildFile; fileRef = 15CB6D9928A9961A0096C4BB /* TripITApp.swift */; };
		15CB6D9C28A9961A0096C4BB /* ContentView.swift in Sources */ = {isa = PBXBuildFile; fileRef = 15CB6D9B28A9961A0096C4BB /* ContentView.swift */; };
		15CB6D9E28A9961B0096C4BB /* Assets.xcassets in Resources */ = {isa = PBXBuildFile; fileRef = 15CB6D9D28A9961B0096C4BB /* Assets.xcassets */; };
		15CB6DA128A9961B0096C4BB /* Preview Assets.xcassets in Resources */ = {isa = PBXBuildFile; fileRef = 15CB6DA028A9961B0096C4BB /* Preview Assets.xcassets */; };
		15CB6DAB28A9961B0096C4BB /* TripITTests.swift in Sources */ = {isa = PBXBuildFile; fileRef = 15CB6DAA28A9961B0096C4BB /* TripITTests.swift */; };
		15CB6DB528A9961B0096C4BB /* TripITUITests.swift in Sources */ = {isa = PBXBuildFile; fileRef = 15CB6DB428A9961B0096C4BB /* TripITUITests.swift */; };
		15CB6DB728A9961B0096C4BB /* TripITUITestsLaunchTests.swift in Sources */ = {isa = PBXBuildFile; fileRef = 15CB6DB628A9961B0096C4BB /* TripITUITestsLaunchTests.swift */; };
		15DE459728B081CF009EA8D7 /* TravelDetailEditView.swift in Sources */ = {isa = PBXBuildFile; fileRef = 15DE459628B081CF009EA8D7 /* TravelDetailEditView.swift */; };
/* End PBXBuildFile section */

/* Begin PBXContainerItemProxy section */
		15CB6DA728A9961B0096C4BB /* PBXContainerItemProxy */ = {
			isa = PBXContainerItemProxy;
			containerPortal = 15CB6D8E28A9961A0096C4BB /* Project object */;
			proxyType = 1;
			remoteGlobalIDString = 15CB6D9528A9961A0096C4BB;
			remoteInfo = TripIT;
		};
		15CB6DB128A9961B0096C4BB /* PBXContainerItemProxy */ = {
			isa = PBXContainerItemProxy;
			containerPortal = 15CB6D8E28A9961A0096C4BB /* Project object */;
			proxyType = 1;
			remoteGlobalIDString = 15CB6D9528A9961A0096C4BB;
			remoteInfo = TripIT;
		};
/* End PBXContainerItemProxy section */

/* Begin PBXFileReference section */
		151F96C428B6A11300039128 /* SearchTravel.swift */ = {isa = PBXFileReference; lastKnownFileType = sourcecode.swift; path = SearchTravel.swift; sourceTree = "<group>"; };
		151F96C628B6AEA700039128 /* TravelSearachResultsView.swift */ = {isa = PBXFileReference; lastKnownFileType = sourcecode.swift; path = TravelSearachResultsView.swift; sourceTree = "<group>"; };
		1534B40D28AB1B89009B7BC1 /* Menu.swift */ = {isa = PBXFileReference; lastKnownFileType = sourcecode.swift; path = Menu.swift; sourceTree = "<group>"; };
		1534B40F28AB1E27009B7BC1 /* TravelView.swift */ = {isa = PBXFileReference; lastKnownFileType = sourcecode.swift; path = TravelView.swift; sourceTree = "<group>"; };
		1541C50128B55E18008DD377 /* TravelItemsHistory.swift */ = {isa = PBXFileReference; lastKnownFileType = sourcecode.swift; path = TravelItemsHistory.swift; sourceTree = "<group>"; };
		1541C50328B566B0008DD377 /* TravelDetailHistory.swift */ = {isa = PBXFileReference; lastKnownFileType = sourcecode.swift; path = TravelDetailHistory.swift; sourceTree = "<group>"; };
		154EDF7728B053D300BFD81A /* TravelItemsView.swift */ = {isa = PBXFileReference; lastKnownFileType = sourcecode.swift; path = TravelItemsView.swift; sourceTree = "<group>"; };
		157B86BA28B6673500B3FA74 /* TDRoot.swift */ = {isa = PBXFileReference; lastKnownFileType = sourcecode.swift; path = TDRoot.swift; sourceTree = "<group>"; };
		15CB3D7228ABFC0B00E121C3 /* TravelDetailItem.swift */ = {isa = PBXFileReference; lastKnownFileType = sourcecode.swift; path = TravelDetailItem.swift; sourceTree = "<group>"; };
		15CB6D9628A9961A0096C4BB /* TripIT.app */ = {isa = PBXFileReference; explicitFileType = wrapper.application; includeInIndex = 0; path = TripIT.app; sourceTree = BUILT_PRODUCTS_DIR; };
		15CB6D9928A9961A0096C4BB /* TripITApp.swift */ = {isa = PBXFileReference; lastKnownFileType = sourcecode.swift; path = TripITApp.swift; sourceTree = "<group>"; };
		15CB6D9B28A9961A0096C4BB /* ContentView.swift */ = {isa = PBXFileReference; lastKnownFileType = sourcecode.swift; path = ContentView.swift; sourceTree = "<group>"; };
		15CB6D9D28A9961B0096C4BB /* Assets.xcassets */ = {isa = PBXFileReference; lastKnownFileType = folder.assetcatalog; path = Assets.xcassets; sourceTree = "<group>"; };
		15CB6DA028A9961B0096C4BB /* Preview Assets.xcassets */ = {isa = PBXFileReference; lastKnownFileType = folder.assetcatalog; path = "Preview Assets.xcassets"; sourceTree = "<group>"; };
		15CB6DA628A9961B0096C4BB /* TripITTests.xctest */ = {isa = PBXFileReference; explicitFileType = wrapper.cfbundle; includeInIndex = 0; path = TripITTests.xctest; sourceTree = BUILT_PRODUCTS_DIR; };
		15CB6DAA28A9961B0096C4BB /* TripITTests.swift */ = {isa = PBXFileReference; lastKnownFileType = sourcecode.swift; path = TripITTests.swift; sourceTree = "<group>"; };
		15CB6DB028A9961B0096C4BB /* TripITUITests.xctest */ = {isa = PBXFileReference; explicitFileType = wrapper.cfbundle; includeInIndex = 0; path = TripITUITests.xctest; sourceTree = BUILT_PRODUCTS_DIR; };
		15CB6DB428A9961B0096C4BB /* TripITUITests.swift */ = {isa = PBXFileReference; lastKnownFileType = sourcecode.swift; path = TripITUITests.swift; sourceTree = "<group>"; };
		15CB6DB628A9961B0096C4BB /* TripITUITestsLaunchTests.swift */ = {isa = PBXFileReference; lastKnownFileType = sourcecode.swift; path = TripITUITestsLaunchTests.swift; sourceTree = "<group>"; };
		15DE459628B081CF009EA8D7 /* TravelDetailEditView.swift */ = {isa = PBXFileReference; lastKnownFileType = sourcecode.swift; path = TravelDetailEditView.swift; sourceTree = "<group>"; };
/* End PBXFileReference section */

/* Begin PBXFrameworksBuildPhase section */
		15CB6D9328A9961A0096C4BB /* Frameworks */ = {
			isa = PBXFrameworksBuildPhase;
			buildActionMask = 2147483647;
			files = (
				15297B6628AAF8510091BFF5 /* RealmSwift in Frameworks */,
				15297B6428AAF8510091BFF5 /* Realm in Frameworks */,
			);
			runOnlyForDeploymentPostprocessing = 0;
		};
		15CB6DA328A9961B0096C4BB /* Frameworks */ = {
			isa = PBXFrameworksBuildPhase;
			buildActionMask = 2147483647;
			files = (
			);
			runOnlyForDeploymentPostprocessing = 0;
		};
		15CB6DAD28A9961B0096C4BB /* Frameworks */ = {
			isa = PBXFrameworksBuildPhase;
			buildActionMask = 2147483647;
			files = (
			);
			runOnlyForDeploymentPostprocessing = 0;
		};
/* End PBXFrameworksBuildPhase section */

/* Begin PBXGroup section */
		1534B40928AB1A09009B7BC1 /* Models */ = {
			isa = PBXGroup;
			children = (
				15CB3D7228ABFC0B00E121C3 /* TravelDetailItem.swift */,
				1541C50328B566B0008DD377 /* TravelDetailHistory.swift */,
				157B86BA28B6673500B3FA74 /* TDRoot.swift */,
			);
			path = Models;
			sourceTree = "<group>";
		};
		1534B40C28AB1B6F009B7BC1 /* Layout */ = {
			isa = PBXGroup;
			children = (
				1534B40D28AB1B89009B7BC1 /* Menu.swift */,
				1534B40F28AB1E27009B7BC1 /* TravelView.swift */,
				154EDF7728B053D300BFD81A /* TravelItemsView.swift */,
				15DE459628B081CF009EA8D7 /* TravelDetailEditView.swift */,
				1541C50128B55E18008DD377 /* TravelItemsHistory.swift */,
				151F96C428B6A11300039128 /* SearchTravel.swift */,
				151F96C628B6AEA700039128 /* TravelSearachResultsView.swift */,
			);
			path = Layout;
			sourceTree = "<group>";
		};
		15CB6D8D28A9961A0096C4BB = {
			isa = PBXGroup;
			children = (
				15CB6D9828A9961A0096C4BB /* TripIT */,
				15CB6DA928A9961B0096C4BB /* TripITTests */,
				15CB6DB328A9961B0096C4BB /* TripITUITests */,
				15CB6D9728A9961A0096C4BB /* Products */,
			);
			sourceTree = "<group>";
		};
		15CB6D9728A9961A0096C4BB /* Products */ = {
			isa = PBXGroup;
			children = (
				15CB6D9628A9961A0096C4BB /* TripIT.app */,
				15CB6DA628A9961B0096C4BB /* TripITTests.xctest */,
				15CB6DB028A9961B0096C4BB /* TripITUITests.xctest */,
			);
			name = Products;
			sourceTree = "<group>";
		};
		15CB6D9828A9961A0096C4BB /* TripIT */ = {
			isa = PBXGroup;
			children = (
				1534B40C28AB1B6F009B7BC1 /* Layout */,
				1534B40928AB1A09009B7BC1 /* Models */,
				15CB6D9928A9961A0096C4BB /* TripITApp.swift */,
				15CB6D9B28A9961A0096C4BB /* ContentView.swift */,
				15CB6D9D28A9961B0096C4BB /* Assets.xcassets */,
				15CB6D9F28A9961B0096C4BB /* Preview Content */,
			);
			path = TripIT;
			sourceTree = "<group>";
		};
		15CB6D9F28A9961B0096C4BB /* Preview Content */ = {
			isa = PBXGroup;
			children = (
				15CB6DA028A9961B0096C4BB /* Preview Assets.xcassets */,
			);
			path = "Preview Content";
			sourceTree = "<group>";
		};
		15CB6DA928A9961B0096C4BB /* TripITTests */ = {
			isa = PBXGroup;
			children = (
				15CB6DAA28A9961B0096C4BB /* TripITTests.swift */,
			);
			path = TripITTests;
			sourceTree = "<group>";
		};
		15CB6DB328A9961B0096C4BB /* TripITUITests */ = {
			isa = PBXGroup;
			children = (
				15CB6DB428A9961B0096C4BB /* TripITUITests.swift */,
				15CB6DB628A9961B0096C4BB /* TripITUITestsLaunchTests.swift */,
			);
			path = TripITUITests;
			sourceTree = "<group>";
		};
/* End PBXGroup section */

/* Begin PBXNativeTarget section */
		15CB6D9528A9961A0096C4BB /* TripIT */ = {
			isa = PBXNativeTarget;
			buildConfigurationList = 15CB6DBA28A9961B0096C4BB /* Build configuration list for PBXNativeTarget "TripIT" */;
			buildPhases = (
				15CB6D9228A9961A0096C4BB /* Sources */,
				15CB6D9328A9961A0096C4BB /* Frameworks */,
				15CB6D9428A9961A0096C4BB /* Resources */,
			);
			buildRules = (
			);
			dependencies = (
			);
			name = TripIT;
			packageProductDependencies = (
				15297B6328AAF8510091BFF5 /* Realm */,
				15297B6528AAF8510091BFF5 /* RealmSwift */,
			);
			productName = TripIT;
			productReference = 15CB6D9628A9961A0096C4BB /* TripIT.app */;
			productType = "com.apple.product-type.application";
		};
		15CB6DA528A9961B0096C4BB /* TripITTests */ = {
			isa = PBXNativeTarget;
			buildConfigurationList = 15CB6DBD28A9961B0096C4BB /* Build configuration list for PBXNativeTarget "TripITTests" */;
			buildPhases = (
				15CB6DA228A9961B0096C4BB /* Sources */,
				15CB6DA328A9961B0096C4BB /* Frameworks */,
				15CB6DA428A9961B0096C4BB /* Resources */,
			);
			buildRules = (
			);
			dependencies = (
				15CB6DA828A9961B0096C4BB /* PBXTargetDependency */,
			);
			name = TripITTests;
			productName = TripITTests;
			productReference = 15CB6DA628A9961B0096C4BB /* TripITTests.xctest */;
			productType = "com.apple.product-type.bundle.unit-test";
		};
		15CB6DAF28A9961B0096C4BB /* TripITUITests */ = {
			isa = PBXNativeTarget;
			buildConfigurationList = 15CB6DC028A9961B0096C4BB /* Build configuration list for PBXNativeTarget "TripITUITests" */;
			buildPhases = (
				15CB6DAC28A9961B0096C4BB /* Sources */,
				15CB6DAD28A9961B0096C4BB /* Frameworks */,
				15CB6DAE28A9961B0096C4BB /* Resources */,
			);
			buildRules = (
			);
			dependencies = (
				15CB6DB228A9961B0096C4BB /* PBXTargetDependency */,
			);
			name = TripITUITests;
			productName = TripITUITests;
			productReference = 15CB6DB028A9961B0096C4BB /* TripITUITests.xctest */;
			productType = "com.apple.product-type.bundle.ui-testing";
		};
/* End PBXNativeTarget section */

/* Begin PBXProject section */
		15CB6D8E28A9961A0096C4BB /* Project object */ = {
			isa = PBXProject;
			attributes = {
				BuildIndependentTargetsInParallel = 1;
				LastSwiftUpdateCheck = 1340;
				LastUpgradeCheck = 1340;
				TargetAttributes = {
					15CB6D9528A9961A0096C4BB = {
						CreatedOnToolsVersion = 13.4.1;
					};
					15CB6DA528A9961B0096C4BB = {
						CreatedOnToolsVersion = 13.4.1;
						TestTargetID = 15CB6D9528A9961A0096C4BB;
					};
					15CB6DAF28A9961B0096C4BB = {
						CreatedOnToolsVersion = 13.4.1;
						TestTargetID = 15CB6D9528A9961A0096C4BB;
					};
				};
			};
			buildConfigurationList = 15CB6D9128A9961A0096C4BB /* Build configuration list for PBXProject "TripIT" */;
			compatibilityVersion = "Xcode 13.0";
			developmentRegion = en;
			hasScannedForEncodings = 0;
			knownRegions = (
				en,
				Base,
			);
			mainGroup = 15CB6D8D28A9961A0096C4BB;
			packageReferences = (
				15297B6228AAF8510091BFF5 /* XCRemoteSwiftPackageReference "realm-swift" */,
			);
			productRefGroup = 15CB6D9728A9961A0096C4BB /* Products */;
			projectDirPath = "";
			projectRoot = "";
			targets = (
				15CB6D9528A9961A0096C4BB /* TripIT */,
				15CB6DA528A9961B0096C4BB /* TripITTests */,
				15CB6DAF28A9961B0096C4BB /* TripITUITests */,
			);
		};
/* End PBXProject section */

/* Begin PBXResourcesBuildPhase section */
		15CB6D9428A9961A0096C4BB /* Resources */ = {
			isa = PBXResourcesBuildPhase;
			buildActionMask = 2147483647;
			files = (
				15CB6DA128A9961B0096C4BB /* Preview Assets.xcassets in Resources */,
				15CB6D9E28A9961B0096C4BB /* Assets.xcassets in Resources */,
			);
			runOnlyForDeploymentPostprocessing = 0;
		};
		15CB6DA428A9961B0096C4BB /* Resources */ = {
			isa = PBXResourcesBuildPhase;
			buildActionMask = 2147483647;
			files = (
			);
			runOnlyForDeploymentPostprocessing = 0;
		};
		15CB6DAE28A9961B0096C4BB /* Resources */ = {
			isa = PBXResourcesBuildPhase;
			buildActionMask = 2147483647;
			files = (
			);
			runOnlyForDeploymentPostprocessing = 0;
		};
/* End PBXResourcesBuildPhase section */

/* Begin PBXSourcesBuildPhase section */
		15CB6D9228A9961A0096C4BB /* Sources */ = {
			isa = PBXSourcesBuildPhase;
			buildActionMask = 2147483647;
			files = (
				154EDF7828B053D300BFD81A /* TravelItemsView.swift in Sources */,
				157B86BB28B6673500B3FA74 /* TDRoot.swift in Sources */,
				15DE459728B081CF009EA8D7 /* TravelDetailEditView.swift in Sources */,
				1541C50428B566B0008DD377 /* TravelDetailHistory.swift in Sources */,
				15CB3D7328ABFC0B00E121C3 /* TravelDetailItem.swift in Sources */,
				15CB6D9C28A9961A0096C4BB /* ContentView.swift in Sources */,
				1534B40E28AB1B89009B7BC1 /* Menu.swift in Sources */,
				1541C50228B55E18008DD377 /* TravelItemsHistory.swift in Sources */,
				15CB6D9A28A9961A0096C4BB /* TripITApp.swift in Sources */,
				151F96C528B6A11300039128 /* SearchTravel.swift in Sources */,
				1534B41028AB1E27009B7BC1 /* TravelView.swift in Sources */,
				151F96C728B6AEA700039128 /* TravelSearachResultsView.swift in Sources */,
			);
			runOnlyForDeploymentPostprocessing = 0;
		};
		15CB6DA228A9961B0096C4BB /* Sources */ = {
			isa = PBXSourcesBuildPhase;
			buildActionMask = 2147483647;
			files = (
				15CB6DAB28A9961B0096C4BB /* TripITTests.swift in Sources */,
			);
			runOnlyForDeploymentPostprocessing = 0;
		};
		15CB6DAC28A9961B0096C4BB /* Sources */ = {
			isa = PBXSourcesBuildPhase;
			buildActionMask = 2147483647;
			files = (
				15CB6DB728A9961B0096C4BB /* TripITUITestsLaunchTests.swift in Sources */,
				15CB6DB528A9961B0096C4BB /* TripITUITests.swift in Sources */,
			);
			runOnlyForDeploymentPostprocessing = 0;
		};
/* End PBXSourcesBuildPhase section */

/* Begin PBXTargetDependency section */
		15CB6DA828A9961B0096C4BB /* PBXTargetDependency */ = {
			isa = PBXTargetDependency;
			target = 15CB6D9528A9961A0096C4BB /* TripIT */;
			targetProxy = 15CB6DA728A9961B0096C4BB /* PBXContainerItemProxy */;
		};
		15CB6DB228A9961B0096C4BB /* PBXTargetDependency */ = {
			isa = PBXTargetDependency;
			target = 15CB6D9528A9961A0096C4BB /* TripIT */;
			targetProxy = 15CB6DB128A9961B0096C4BB /* PBXContainerItemProxy */;
		};
/* End PBXTargetDependency section */

/* Begin XCBuildConfiguration section */
		15CB6DB828A9961B0096C4BB /* Debug */ = {
			isa = XCBuildConfiguration;
			buildSettings = {
				ALWAYS_SEARCH_USER_PATHS = NO;
				CLANG_ANALYZER_NONNULL = YES;
				CLANG_ANALYZER_NUMBER_OBJECT_CONVERSION = YES_AGGRESSIVE;
				CLANG_CXX_LANGUAGE_STANDARD = "gnu++17";
				CLANG_ENABLE_MODULES = YES;
				CLANG_ENABLE_OBJC_ARC = YES;
				CLANG_ENABLE_OBJC_WEAK = YES;
				CLANG_WARN_BLOCK_CAPTURE_AUTORELEASING = YES;
				CLANG_WARN_BOOL_CONVERSION = YES;
				CLANG_WARN_COMMA = YES;
				CLANG_WARN_CONSTANT_CONVERSION = YES;
				CLANG_WARN_DEPRECATED_OBJC_IMPLEMENTATIONS = YES;
				CLANG_WARN_DIRECT_OBJC_ISA_USAGE = YES_ERROR;
				CLANG_WARN_DOCUMENTATION_COMMENTS = YES;
				CLANG_WARN_EMPTY_BODY = YES;
				CLANG_WARN_ENUM_CONVERSION = YES;
				CLANG_WARN_INFINITE_RECURSION = YES;
				CLANG_WARN_INT_CONVERSION = YES;
				CLANG_WARN_NON_LITERAL_NULL_CONVERSION = YES;
				CLANG_WARN_OBJC_IMPLICIT_RETAIN_SELF = YES;
				CLANG_WARN_OBJC_LITERAL_CONVERSION = YES;
				CLANG_WARN_OBJC_ROOT_CLASS = YES_ERROR;
				CLANG_WARN_QUOTED_INCLUDE_IN_FRAMEWORK_HEADER = YES;
				CLANG_WARN_RANGE_LOOP_ANALYSIS = YES;
				CLANG_WARN_STRICT_PROTOTYPES = YES;
				CLANG_WARN_SUSPICIOUS_MOVE = YES;
				CLANG_WARN_UNGUARDED_AVAILABILITY = YES_AGGRESSIVE;
				CLANG_WARN_UNREACHABLE_CODE = YES;
				CLANG_WARN__DUPLICATE_METHOD_MATCH = YES;
				COPY_PHASE_STRIP = NO;
				DEBUG_INFORMATION_FORMAT = dwarf;
				ENABLE_STRICT_OBJC_MSGSEND = YES;
				ENABLE_TESTABILITY = YES;
				GCC_C_LANGUAGE_STANDARD = gnu11;
				GCC_DYNAMIC_NO_PIC = NO;
				GCC_NO_COMMON_BLOCKS = YES;
				GCC_OPTIMIZATION_LEVEL = 0;
				GCC_PREPROCESSOR_DEFINITIONS = (
					"DEBUG=1",
					"$(inherited)",
				);
				GCC_WARN_64_TO_32_BIT_CONVERSION = YES;
				GCC_WARN_ABOUT_RETURN_TYPE = YES_ERROR;
				GCC_WARN_UNDECLARED_SELECTOR = YES;
				GCC_WARN_UNINITIALIZED_AUTOS = YES_AGGRESSIVE;
				GCC_WARN_UNUSED_FUNCTION = YES;
				GCC_WARN_UNUSED_VARIABLE = YES;
				IPHONEOS_DEPLOYMENT_TARGET = 15.5;
				MTL_ENABLE_DEBUG_INFO = INCLUDE_SOURCE;
				MTL_FAST_MATH = YES;
				ONLY_ACTIVE_ARCH = YES;
				SDKROOT = iphoneos;
				SWIFT_ACTIVE_COMPILATION_CONDITIONS = DEBUG;
				SWIFT_OPTIMIZATION_LEVEL = "-Onone";
			};
			name = Debug;
		};
		15CB6DB928A9961B0096C4BB /* Release */ = {
			isa = XCBuildConfiguration;
			buildSettings = {
				ALWAYS_SEARCH_USER_PATHS = NO;
				CLANG_ANALYZER_NONNULL = YES;
				CLANG_ANALYZER_NUMBER_OBJECT_CONVERSION = YES_AGGRESSIVE;
				CLANG_CXX_LANGUAGE_STANDARD = "gnu++17";
				CLANG_ENABLE_MODULES = YES;
				CLANG_ENABLE_OBJC_ARC = YES;
				CLANG_ENABLE_OBJC_WEAK = YES;
				CLANG_WARN_BLOCK_CAPTURE_AUTORELEASING = YES;
				CLANG_WARN_BOOL_CONVERSION = YES;
				CLANG_WARN_COMMA = YES;
				CLANG_WARN_CONSTANT_CONVERSION = YES;
				CLANG_WARN_DEPRECATED_OBJC_IMPLEMENTATIONS = YES;
				CLANG_WARN_DIRECT_OBJC_ISA_USAGE = YES_ERROR;
				CLANG_WARN_DOCUMENTATION_COMMENTS = YES;
				CLANG_WARN_EMPTY_BODY = YES;
				CLANG_WARN_ENUM_CONVERSION = YES;
				CLANG_WARN_INFINITE_RECURSION = YES;
				CLANG_WARN_INT_CONVERSION = YES;
				CLANG_WARN_NON_LITERAL_NULL_CONVERSION = YES;
				CLANG_WARN_OBJC_IMPLICIT_RETAIN_SELF = YES;
				CLANG_WARN_OBJC_LITERAL_CONVERSION = YES;
				CLANG_WARN_OBJC_ROOT_CLASS = YES_ERROR;
				CLANG_WARN_QUOTED_INCLUDE_IN_FRAMEWORK_HEADER = YES;
				CLANG_WARN_RANGE_LOOP_ANALYSIS = YES;
				CLANG_WARN_STRICT_PROTOTYPES = YES;
				CLANG_WARN_SUSPICIOUS_MOVE = YES;
				CLANG_WARN_UNGUARDED_AVAILABILITY = YES_AGGRESSIVE;
				CLANG_WARN_UNREACHABLE_CODE = YES;
				CLANG_WARN__DUPLICATE_METHOD_MATCH = YES;
				COPY_PHASE_STRIP = NO;
				DEBUG_INFORMATION_FORMAT = "dwarf-with-dsym";
				ENABLE_NS_ASSERTIONS = NO;
				ENABLE_STRICT_OBJC_MSGSEND = YES;
				GCC_C_LANGUAGE_STANDARD = gnu11;
				GCC_NO_COMMON_BLOCKS = YES;
				GCC_WARN_64_TO_32_BIT_CONVERSION = YES;
				GCC_WARN_ABOUT_RETURN_TYPE = YES_ERROR;
				GCC_WARN_UNDECLARED_SELECTOR = YES;
				GCC_WARN_UNINITIALIZED_AUTOS = YES_AGGRESSIVE;
				GCC_WARN_UNUSED_FUNCTION = YES;
				GCC_WARN_UNUSED_VARIABLE = YES;
				IPHONEOS_DEPLOYMENT_TARGET = 15.5;
				MTL_ENABLE_DEBUG_INFO = NO;
				MTL_FAST_MATH = YES;
				SDKROOT = iphoneos;
				SWIFT_COMPILATION_MODE = wholemodule;
				SWIFT_OPTIMIZATION_LEVEL = "-O";
				VALIDATE_PRODUCT = YES;
			};
			name = Release;
		};
		15CB6DBB28A9961B0096C4BB /* Debug */ = {
			isa = XCBuildConfiguration;
			buildSettings = {
				ASSETCATALOG_COMPILER_APPICON_NAME = AppIcon;
				ASSETCATALOG_COMPILER_GLOBAL_ACCENT_COLOR_NAME = AccentColor;
				CODE_SIGN_STYLE = Automatic;
				CURRENT_PROJECT_VERSION = 1;
				DEVELOPMENT_ASSET_PATHS = "\"TripIT/Preview Content\"";
				DEVELOPMENT_TEAM = 26668HS2H3;
				ENABLE_PREVIEWS = YES;
				GENERATE_INFOPLIST_FILE = YES;
				INFOPLIST_KEY_UIApplicationSceneManifest_Generation = YES;
				INFOPLIST_KEY_UIApplicationSupportsIndirectInputEvents = YES;
				INFOPLIST_KEY_UILaunchScreen_Generation = YES;
				INFOPLIST_KEY_UISupportedInterfaceOrientations_iPad = "UIInterfaceOrientationPortrait UIInterfaceOrientationPortraitUpsideDown UIInterfaceOrientationLandscapeLeft UIInterfaceOrientationLandscapeRight";
				INFOPLIST_KEY_UISupportedInterfaceOrientations_iPhone = "UIInterfaceOrientationPortrait UIInterfaceOrientationLandscapeLeft UIInterfaceOrientationLandscapeRight";
				LD_RUNPATH_SEARCH_PATHS = (
					"$(inherited)",
					"@executable_path/Frameworks",
				);
				MARKETING_VERSION = 1.0;
				PRODUCT_BUNDLE_IDENTIFIER = com.SandBoxiOSCareerProject.TripIT;
				PRODUCT_NAME = "$(TARGET_NAME)";
				SWIFT_EMIT_LOC_STRINGS = YES;
				SWIFT_VERSION = 5.0;
				TARGETED_DEVICE_FAMILY = "1,2";
			};
			name = Debug;
		};
		15CB6DBC28A9961B0096C4BB /* Release */ = {
			isa = XCBuildConfiguration;
			buildSettings = {
				ASSETCATALOG_COMPILER_APPICON_NAME = AppIcon;
				ASSETCATALOG_COMPILER_GLOBAL_ACCENT_COLOR_NAME = AccentColor;
				CODE_SIGN_STYLE = Automatic;
				CURRENT_PROJECT_VERSION = 1;
				DEVELOPMENT_ASSET_PATHS = "\"TripIT/Preview Content\"";
				DEVELOPMENT_TEAM = 26668HS2H3;
				ENABLE_PREVIEWS = YES;
				GENERATE_INFOPLIST_FILE = YES;
				INFOPLIST_KEY_UIApplicationSceneManifest_Generation = YES;
				INFOPLIST_KEY_UIApplicationSupportsIndirectInputEvents = YES;
				INFOPLIST_KEY_UILaunchScreen_Generation = YES;
				INFOPLIST_KEY_UISupportedInterfaceOrientations_iPad = "UIInterfaceOrientationPortrait UIInterfaceOrientationPortraitUpsideDown UIInterfaceOrientationLandscapeLeft UIInterfaceOrientationLandscapeRight";
				INFOPLIST_KEY_UISupportedInterfaceOrientations_iPhone = "UIInterfaceOrientationPortrait UIInterfaceOrientationLandscapeLeft UIInterfaceOrientationLandscapeRight";
				LD_RUNPATH_SEARCH_PATHS = (
					"$(inherited)",
					"@executable_path/Frameworks",
				);
				MARKETING_VERSION = 1.0;
				PRODUCT_BUNDLE_IDENTIFIER = com.SandBoxiOSCareerProject.TripIT;
				PRODUCT_NAME = "$(TARGET_NAME)";
				SWIFT_EMIT_LOC_STRINGS = YES;
				SWIFT_VERSION = 5.0;
				TARGETED_DEVICE_FAMILY = "1,2";
			};
			name = Release;
		};
		15CB6DBE28A9961B0096C4BB /* Debug */ = {
			isa = XCBuildConfiguration;
			buildSettings = {
				ALWAYS_EMBED_SWIFT_STANDARD_LIBRARIES = YES;
				BUNDLE_LOADER = "$(TEST_HOST)";
				CODE_SIGN_STYLE = Automatic;
				CURRENT_PROJECT_VERSION = 1;
				DEVELOPMENT_TEAM = 26668HS2H3;
				GENERATE_INFOPLIST_FILE = YES;
				IPHONEOS_DEPLOYMENT_TARGET = 15.5;
				MARKETING_VERSION = 1.0;
				PRODUCT_BUNDLE_IDENTIFIER = com.SandBoxiOSCareerProject.TripITTests;
				PRODUCT_NAME = "$(TARGET_NAME)";
				SWIFT_EMIT_LOC_STRINGS = NO;
				SWIFT_VERSION = 5.0;
				TARGETED_DEVICE_FAMILY = "1,2";
				TEST_HOST = "$(BUILT_PRODUCTS_DIR)/TripIT.app/TripIT";
			};
			name = Debug;
		};
		15CB6DBF28A9961B0096C4BB /* Release */ = {
			isa = XCBuildConfiguration;
			buildSettings = {
				ALWAYS_EMBED_SWIFT_STANDARD_LIBRARIES = YES;
				BUNDLE_LOADER = "$(TEST_HOST)";
				CODE_SIGN_STYLE = Automatic;
				CURRENT_PROJECT_VERSION = 1;
				DEVELOPMENT_TEAM = 26668HS2H3;
				GENERATE_INFOPLIST_FILE = YES;
				IPHONEOS_DEPLOYMENT_TARGET = 15.5;
				MARKETING_VERSION = 1.0;
				PRODUCT_BUNDLE_IDENTIFIER = com.SandBoxiOSCareerProject.TripITTests;
				PRODUCT_NAME = "$(TARGET_NAME)";
				SWIFT_EMIT_LOC_STRINGS = NO;
				SWIFT_VERSION = 5.0;
				TARGETED_DEVICE_FAMILY = "1,2";
				TEST_HOST = "$(BUILT_PRODUCTS_DIR)/TripIT.app/TripIT";
			};
			name = Release;
		};
		15CB6DC128A9961B0096C4BB /* Debug */ = {
			isa = XCBuildConfiguration;
			buildSettings = {
				ALWAYS_EMBED_SWIFT_STANDARD_LIBRARIES = YES;
				CODE_SIGN_STYLE = Automatic;
				CURRENT_PROJECT_VERSION = 1;
				DEVELOPMENT_TEAM = 26668HS2H3;
				GENERATE_INFOPLIST_FILE = YES;
				MARKETING_VERSION = 1.0;
				PRODUCT_BUNDLE_IDENTIFIER = com.SandBoxiOSCareerProject.TripITUITests;
				PRODUCT_NAME = "$(TARGET_NAME)";
				SWIFT_EMIT_LOC_STRINGS = NO;
				SWIFT_VERSION = 5.0;
				TARGETED_DEVICE_FAMILY = "1,2";
				TEST_TARGET_NAME = TripIT;
			};
			name = Debug;
		};
		15CB6DC228A9961B0096C4BB /* Release */ = {
			isa = XCBuildConfiguration;
			buildSettings = {
				ALWAYS_EMBED_SWIFT_STANDARD_LIBRARIES = YES;
				CODE_SIGN_STYLE = Automatic;
				CURRENT_PROJECT_VERSION = 1;
				DEVELOPMENT_TEAM = 26668HS2H3;
				GENERATE_INFOPLIST_FILE = YES;
				MARKETING_VERSION = 1.0;
				PRODUCT_BUNDLE_IDENTIFIER = com.SandBoxiOSCareerProject.TripITUITests;
				PRODUCT_NAME = "$(TARGET_NAME)";
				SWIFT_EMIT_LOC_STRINGS = NO;
				SWIFT_VERSION = 5.0;
				TARGETED_DEVICE_FAMILY = "1,2";
				TEST_TARGET_NAME = TripIT;
			};
			name = Release;
		};
/* End XCBuildConfiguration section */

/* Begin XCConfigurationList section */
		15CB6D9128A9961A0096C4BB /* Build configuration list for PBXProject "TripIT" */ = {
			isa = XCConfigurationList;
			buildConfigurations = (
				15CB6DB828A9961B0096C4BB /* Debug */,
				15CB6DB928A9961B0096C4BB /* Release */,
			);
			defaultConfigurationIsVisible = 0;
			defaultConfigurationName = Release;
		};
		15CB6DBA28A9961B0096C4BB /* Build configuration list for PBXNativeTarget "TripIT" */ = {
			isa = XCConfigurationList;
			buildConfigurations = (
				15CB6DBB28A9961B0096C4BB /* Debug */,
				15CB6DBC28A9961B0096C4BB /* Release */,
			);
			defaultConfigurationIsVisible = 0;
			defaultConfigurationName = Release;
		};
		15CB6DBD28A9961B0096C4BB /* Build configuration list for PBXNativeTarget "TripITTests" */ = {
			isa = XCConfigurationList;
			buildConfigurations = (
				15CB6DBE28A9961B0096C4BB /* Debug */,
				15CB6DBF28A9961B0096C4BB /* Release */,
			);
			defaultConfigurationIsVisible = 0;
			defaultConfigurationName = Release;
		};
		15CB6DC028A9961B0096C4BB /* Build configuration list for PBXNativeTarget "TripITUITests" */ = {
			isa = XCConfigurationList;
			buildConfigurations = (
				15CB6DC128A9961B0096C4BB /* Debug */,
				15CB6DC228A9961B0096C4BB /* Release */,
			);
			defaultConfigurationIsVisible = 0;
			defaultConfigurationName = Release;
		};
/* End XCConfigurationList section */

/* Begin XCRemoteSwiftPackageReference section */
		15297B6228AAF8510091BFF5 /* XCRemoteSwiftPackageReference "realm-swift" */ = {
			isa = XCRemoteSwiftPackageReference;
			repositoryURL = "https://github.com/realm/realm-swift";
			requirement = {
				branch = master;
				kind = branch;
			};
		};
/* End XCRemoteSwiftPackageReference section */

/* Begin XCSwiftPackageProductDependency section */
		15297B6328AAF8510091BFF5 /* Realm */ = {
			isa = XCSwiftPackageProductDependency;
			package = 15297B6228AAF8510091BFF5 /* XCRemoteSwiftPackageReference "realm-swift" */;
			productName = Realm;
		};
		15297B6528AAF8510091BFF5 /* RealmSwift */ = {
			isa = XCSwiftPackageProductDependency;
			package = 15297B6228AAF8510091BFF5 /* XCRemoteSwiftPackageReference "realm-swift" */;
			productName = RealmSwift;
		};
/* End XCSwiftPackageProductDependency section */
	};
	rootObject = 15CB6D8E28A9961A0096C4BB /* Project object */;
}
